
Microsoft Visual Studio Solution File, Format Version 12.00
# Visual Studio Version 16
VisualStudioVersion = 16.0.30523.141
MinimumVisualStudioVersion = 10.0.40219.1
Project("{8BC9CEB8-8B4A-11D0-8D11-00A0C91BC942}") = "solfedge-project", "solfedge-project\solfedge-project.vcxproj", "{D72BB38B-D4C7-4185-939B-801F8B8152F0}"
EndProject
Global
	GlobalSection(SolutionConfigurationPlatforms) = preSolution
		Debug|x64 = Debug|x64
		Debug|x86 = Debug|x86
		Release|x64 = Release|x64
		Release|x86 = Release|x86
	EndGlobalSection
	GlobalSection(ProjectConfigurationPlatforms) = postSolution
		{D72BB38B-D4C7-4185-939B-801F8B8152F0}.Debug|x64.ActiveCfg = Debug|x64
		{D72BB38B-D4C7-4185-939B-801F8B8152F0}.Debug|x64.Build.0 = Debug|x64
		{D72BB38B-D4C7-4185-939B-801F8B8152F0}.Debug|x86.ActiveCfg = Debug|Win32
		{D72BB38B-D4C7-4185-939B-801F8B8152F0}.Debug|x86.Build.0 = Debug|Win32
		{D72BB38B-D4C7-4185-939B-801F8B8152F0}.Release|x64.ActiveCfg = Release|x64
		{D72BB38B-D4C7-4185-939B-801F8B8152F0}.Release|x64.Build.0 = Release|x64
		{D72BB38B-D4C7-4185-939B-801F8B8152F0}.Release|x86.ActiveCfg = Release|Win32
		{D72BB38B-D4C7-4185-939B-801F8B8152F0}.Release|x86.Build.0 = Release|Win32
	EndGlobalSection
	GlobalSection(SolutionProperties) = preSolution
		HideSolutionNode = FALSE
	EndGlobalSection
	GlobalSection(ExtensibilityGlobals) = postSolution
		SolutionGuid = {9D666622-829B-4E61-98EC-9B972E3DC14D}
	EndGlobalSection
EndGlobal
